{
  "name": "umarell",
  "version": "1.0.0",
  "lockfileVersion": 3,
  "requires": true,
  "packages": {
    "": {
      "name": "umarell",
      "version": "1.0.0",
      "license": "ISC",
      "dependencies": {
        "@joshski/dust": "^0.1.110"
      }
    },
    "node_modules/@joshski/dust": {
      "version": "0.1.110",
      "resolved": "https://registry.npmjs.org/@joshski/dust/-/dust-0.1.110.tgz",
      "integrity": "sha512-m0/O5nmqOTJl66WZz+rJkCrXSzBckGWG/fhukq34DcO4bEe5+Q20fN9TmUd42b1RbglXEGXSkQFDTk14m93ZzA==",
      "license": "MIT",
      "bin": {
        "dust": "dist/dust.js"
      }
    }
  }
}
